
Microsoft Visual Studio Solution File, Format Version 12.00
# Visual Studio Version 17
VisualStudioVersion = 17.14.36408.4 d17.14
MinimumVisualStudioVersion = 10.0.40219.1
Project("{FAE04EC0-301F-11D3-BF4B-00C04F79EFBC}") = "Mesch.Authzn", "Mesch.Authzn\Mesch.Authzn.csproj", "{F91354B8-11A5-4B5B-85B0-BEC4D2129F9F}"
EndProject
Project("{FAE04EC0-301F-11D3-BF4B-00C04F79EFBC}") = "Mesch.Authzn.Tests", "Mesch.Authzn.Tests\Mesch.Authzn.Tests.csproj", "{2FCB5BBD-E51D-4BA8-BBCE-21B6962DF7B1}"
EndProject
Global
	GlobalSection(SolutionConfigurationPlatforms) = preSolution
		Debug|Any CPU = Debug|Any CPU
		Release|Any CPU = Release|Any CPU
	EndGlobalSection
	GlobalSection(ProjectConfigurationPlatforms) = postSolution
		{F91354B8-11A5-4B5B-85B0-BEC4D2129F9F}.Debug|Any CPU.ActiveCfg = Debug|Any CPU
		{F91354B8-11A5-4B5B-85B0-BEC4D2129F9F}.Debug|Any CPU.Build.0 = Debug|Any CPU
		{F91354B8-11A5-4B5B-85B0-BEC4D2129F9F}.Release|Any CPU.ActiveCfg = Release|Any CPU
		{F91354B8-11A5-4B5B-85B0-BEC4D2129F9F}.Release|Any CPU.Build.0 = Release|Any CPU
		{2FCB5BBD-E51D-4BA8-BBCE-21B6962DF7B1}.Debug|Any CPU.ActiveCfg = Debug|Any CPU
		{2FCB5BBD-E51D-4BA8-BBCE-21B6962DF7B1}.Debug|Any CPU.Build.0 = Debug|Any CPU
		{2FCB5BBD-E51D-4BA8-BBCE-21B6962DF7B1}.Release|Any CPU.ActiveCfg = Release|Any CPU
		{2FCB5BBD-E51D-4BA8-BBCE-21B6962DF7B1}.Release|Any CPU.Build.0 = Release|Any CPU
	EndGlobalSection
	GlobalSection(SolutionProperties) = preSolution
		HideSolutionNode = FALSE
	EndGlobalSection
	GlobalSection(ExtensibilityGlobals) = postSolution
		SolutionGuid = {6611D177-628E-4567-8173-A7DCE66F5083}
	EndGlobalSection
EndGlobal
